github.com/bencbradshaw/framework v0.0.14 h1:ttgCkHCtGQkS473/sFYIX481exw01fVim+FwjCHpk8g=
github.com/bencbradshaw/framework v0.0.14/go.mod h1:r/LrjCEwhh2kBGWLmLBUEL8QTsiE5W43cIMY/rNrmSA=
github.com/evanw/esbuild v0.25.1 h1:u/16OWK0l4ymFFuHOApuv/xXg8U0P3QYBSMToll89HI=
github.com/evanw/esbuild v0.25.1/go.mod h1:D2vIQZqV/vIf/VRHtViaUtViZmG7o+kKmlBfVQuRi48=
golang.org/x/sys v0.0.0-20220715151400-c0bba94af5f8 h1:0A+M6Uqn+Eje4kHMK80dtF3JCXC4ykBgQG4Fe06QRhQ=
golang.org/x/sys v0.0.0-20220715151400-c0bba94af5f8/go.mod h1:oPkhp1MJrh7nUepCBck5+mAzfO9JrbApNNgaTdGDITg=
